
Microsoft Visual Studio Solution File, Format Version 12.00
# Visual Studio Version 16
VisualStudioVersion = 16.0.30907.101
MinimumVisualStudioVersion = 10.0.40219.1
Project("{FAE04EC0-301F-11D3-BF4B-00C04F79EFBC}") = "ServerConfigForm-P5-20190140120", "ServerConfigForm-P5-20190140120\ServerConfigForm-P5-20190140120.csproj", "{BDBE47F3-6CF3-4B8F-B407-D0A130456E8A}"
EndProject
Global
	GlobalSection(SolutionConfigurationPlatforms) = preSolution
		Debug|Any CPU = Debug|Any CPU
		Release|Any CPU = Release|Any CPU
	EndGlobalSection
	GlobalSection(ProjectConfigurationPlatforms) = postSolution
		{BDBE47F3-6CF3-4B8F-B407-D0A130456E8A}.Debug|Any CPU.ActiveCfg = Debug|Any CPU
		{BDBE47F3-6CF3-4B8F-B407-D0A130456E8A}.Debug|Any CPU.Build.0 = Debug|Any CPU
		{BDBE47F3-6CF3-4B8F-B407-D0A130456E8A}.Release|Any CPU.ActiveCfg = Release|Any CPU
		{BDBE47F3-6CF3-4B8F-B407-D0A130456E8A}.Release|Any CPU.Build.0 = Release|Any CPU
	EndGlobalSection
	GlobalSection(SolutionProperties) = preSolution
		HideSolutionNode = FALSE
	EndGlobalSection
	GlobalSection(ExtensibilityGlobals) = postSolution
		SolutionGuid = {D1146F9E-CE47-495D-B2CC-7335E797F93B}
	EndGlobalSection
EndGlobal
